PODS:
  - Charts (3.3.0):
    - Charts/Core (= 3.3.0)
  - Charts/Core (3.3.0)
  - Eureka (5.0.0)
  - SnapKit (5.0.0)
  - SwifterSwift/Foundation (5.0.0)
  - SwifterSwift/SwiftStdlib (5.0.0)
  - SwifterSwift/UIKit (5.0.0)

DEPENDENCIES:
  - Charts
  - Eureka
  - SnapKit (~> 5.0.0)
  - SwifterSwift/Foundation
  - SwifterSwift/SwiftStdlib
  - SwifterSwift/UIKit

SPEC REPOS:
  https://github.com/cocoapods/specs.git:
    - Charts
    - Eureka
    - SnapKit
    - SwifterSwift

SPEC CHECKSUMS:
  Charts: ec1f57f9340054155691e84d4544a1d239d382c5
  Eureka: 0f64f477ec8ef6201c6fec143d60ff5c201cf654
  SnapKit: fd22d10eb9aff484d79a8724eab922c1ddf89bcf
  SwifterSwift: 96f90594b370802f01647c2b1229c74a84ffafee

PODFILE CHECKSUM: a5acdb0dede67c27f54435ddb8a61cb9aa3bfc40

COCOAPODS: 1.7.0.beta.2
